
Microsoft Visual Studio Solution File, Format Version 12.00
# Visual Studio Version 17
VisualStudioVersion = 17.11.35312.102
MinimumVisualStudioVersion = 10.0.40219.1
Project("{FAE04EC0-301F-11D3-BF4B-00C04F79EFBC}") = "Exceções Personalizadas", "Exceções Personalizadas\Exceções Personalizadas.csproj", "{BEDAA95E-63A5-4ED6-A243-68592231D3E1}"
EndProject
Global
	GlobalSection(SolutionConfigurationPlatforms) = preSolution
		Debug|Any CPU = Debug|Any CPU
		Release|Any CPU = Release|Any CPU
	EndGlobalSection
	GlobalSection(ProjectConfigurationPlatforms) = postSolution
		{BEDAA95E-63A5-4ED6-A243-68592231D3E1}.Debug|Any CPU.ActiveCfg = Debug|Any CPU
		{BEDAA95E-63A5-4ED6-A243-68592231D3E1}.Debug|Any CPU.Build.0 = Debug|Any CPU
		{BEDAA95E-63A5-4ED6-A243-68592231D3E1}.Release|Any CPU.ActiveCfg = Release|Any CPU
		{BEDAA95E-63A5-4ED6-A243-68592231D3E1}.Release|Any CPU.Build.0 = Release|Any CPU
	EndGlobalSection
	GlobalSection(SolutionProperties) = preSolution
		HideSolutionNode = FALSE
	EndGlobalSection
	GlobalSection(ExtensibilityGlobals) = postSolution
		SolutionGuid = {61E1C051-F2AA-4326-BB89-EE518ECE2E8C}
	EndGlobalSection
EndGlobal
