
Microsoft Visual Studio Solution File, Format Version 12.00
# Visual Studio Version 16
VisualStudioVersion = 16.0.32510.428
MinimumVisualStudioVersion = 10.0.40219.1
Project("{FAE04EC0-301F-11D3-BF4B-00C04F79EFBC}") = "Estrutura repetitiva WHILE", "Estrutura repetitiva WHILE\Estrutura repetitiva WHILE.csproj", "{3C157EF3-FF4B-44CD-AA90-76A232C2701A}"
EndProject
Global
	GlobalSection(SolutionConfigurationPlatforms) = preSolution
		Debug|Any CPU = Debug|Any CPU
		Release|Any CPU = Release|Any CPU
	EndGlobalSection
	GlobalSection(ProjectConfigurationPlatforms) = postSolution
		{3C157EF3-FF4B-44CD-AA90-76A232C2701A}.Debug|Any CPU.ActiveCfg = Debug|Any CPU
		{3C157EF3-FF4B-44CD-AA90-76A232C2701A}.Debug|Any CPU.Build.0 = Debug|Any CPU
		{3C157EF3-FF4B-44CD-AA90-76A232C2701A}.Release|Any CPU.ActiveCfg = Release|Any CPU
		{3C157EF3-FF4B-44CD-AA90-76A232C2701A}.Release|Any CPU.Build.0 = Release|Any CPU
	EndGlobalSection
	GlobalSection(SolutionProperties) = preSolution
		HideSolutionNode = FALSE
	EndGlobalSection
	GlobalSection(ExtensibilityGlobals) = postSolution
		SolutionGuid = {8E178F2D-67E3-4148-9314-18C22C724CE5}
	EndGlobalSection
EndGlobal
