
Microsoft Visual Studio Solution File, Format Version 12.00
# Visual Studio Version 16
VisualStudioVersion = 16.0.32510.428
MinimumVisualStudioVersion = 10.0.40219.1
Project("{FAE04EC0-301F-11D3-BF4B-00C04F79EFBC}") = "Exercicios de Entrada 2", "Exercicios de Entrada 2\Exercicios de Entrada 2.csproj", "{24C6CD8F-9D9C-4336-836D-97D97694381C}"
EndProject
Global
	GlobalSection(SolutionConfigurationPlatforms) = preSolution
		Debug|Any CPU = Debug|Any CPU
		Release|Any CPU = Release|Any CPU
	EndGlobalSection
	GlobalSection(ProjectConfigurationPlatforms) = postSolution
		{24C6CD8F-9D9C-4336-836D-97D97694381C}.Debug|Any CPU.ActiveCfg = Debug|Any CPU
		{24C6CD8F-9D9C-4336-836D-97D97694381C}.Debug|Any CPU.Build.0 = Debug|Any CPU
		{24C6CD8F-9D9C-4336-836D-97D97694381C}.Release|Any CPU.ActiveCfg = Release|Any CPU
		{24C6CD8F-9D9C-4336-836D-97D97694381C}.Release|Any CPU.Build.0 = Release|Any CPU
	EndGlobalSection
	GlobalSection(SolutionProperties) = preSolution
		HideSolutionNode = FALSE
	EndGlobalSection
	GlobalSection(ExtensibilityGlobals) = postSolution
		SolutionGuid = {78EEC179-70E5-4E8A-98EC-4678F38FF296}
	EndGlobalSection
EndGlobal
