
Microsoft Visual Studio Solution File, Format Version 12.00
# Visual Studio Version 17
VisualStudioVersion = 17.11.35312.102
MinimumVisualStudioVersion = 10.0.40219.1
Project("{FAE04EC0-301F-11D3-BF4B-00C04F79EFBC}") = "Exercicios Classes Produtos", "Exercicios Classes Produtos\Exercicios Classes Produtos.csproj", "{545C738A-E41B-40AF-AC82-DC27E398C8AF}"
EndProject
Global
	GlobalSection(SolutionConfigurationPlatforms) = preSolution
		Debug|Any CPU = Debug|Any CPU
		Release|Any CPU = Release|Any CPU
	EndGlobalSection
	GlobalSection(ProjectConfigurationPlatforms) = postSolution
		{545C738A-E41B-40AF-AC82-DC27E398C8AF}.Debug|Any CPU.ActiveCfg = Debug|Any CPU
		{545C738A-E41B-40AF-AC82-DC27E398C8AF}.Debug|Any CPU.Build.0 = Debug|Any CPU
		{545C738A-E41B-40AF-AC82-DC27E398C8AF}.Release|Any CPU.ActiveCfg = Release|Any CPU
		{545C738A-E41B-40AF-AC82-DC27E398C8AF}.Release|Any CPU.Build.0 = Release|Any CPU
	EndGlobalSection
	GlobalSection(SolutionProperties) = preSolution
		HideSolutionNode = FALSE
	EndGlobalSection
	GlobalSection(ExtensibilityGlobals) = postSolution
		SolutionGuid = {80698B16-D1C4-4BF5-93B7-F51DE6685567}
	EndGlobalSection
EndGlobal
