
Microsoft Visual Studio Solution File, Format Version 12.00
# Visual Studio Version 17
VisualStudioVersion = 17.11.35312.102
MinimumVisualStudioVersion = 10.0.40219.1
Project("{FAE04EC0-301F-11D3-BF4B-00C04F79EFBC}") = "Interface IComparable", "Interface IComparable\Interface IComparable.csproj", "{29F92A82-C4CB-464E-A211-283F202CE17E}"
EndProject
Global
	GlobalSection(SolutionConfigurationPlatforms) = preSolution
		Debug|Any CPU = Debug|Any CPU
		Release|Any CPU = Release|Any CPU
	EndGlobalSection
	GlobalSection(ProjectConfigurationPlatforms) = postSolution
		{29F92A82-C4CB-464E-A211-283F202CE17E}.Debug|Any CPU.ActiveCfg = Debug|Any CPU
		{29F92A82-C4CB-464E-A211-283F202CE17E}.Debug|Any CPU.Build.0 = Debug|Any CPU
		{29F92A82-C4CB-464E-A211-283F202CE17E}.Release|Any CPU.ActiveCfg = Release|Any CPU
		{29F92A82-C4CB-464E-A211-283F202CE17E}.Release|Any CPU.Build.0 = Release|Any CPU
	EndGlobalSection
	GlobalSection(SolutionProperties) = preSolution
		HideSolutionNode = FALSE
	EndGlobalSection
	GlobalSection(ExtensibilityGlobals) = postSolution
		SolutionGuid = {B0FC3C46-7A69-4E19-BC13-FE792F1D922C}
	EndGlobalSection
EndGlobal
