
Microsoft Visual Studio Solution File, Format Version 12.00
# Visual Studio Version 16
VisualStudioVersion = 16.0.32510.428
MinimumVisualStudioVersion = 10.0.40219.1
Project("{FAE04EC0-301F-11D3-BF4B-00C04F79EFBC}") = "Exercicios Classes", "Exercicios Classes\Exercicios Classes.csproj", "{4EE488FF-0FCC-42B4-98C7-C84468FB3177}"
EndProject
Global
	GlobalSection(SolutionConfigurationPlatforms) = preSolution
		Debug|Any CPU = Debug|Any CPU
		Release|Any CPU = Release|Any CPU
	EndGlobalSection
	GlobalSection(ProjectConfigurationPlatforms) = postSolution
		{4EE488FF-0FCC-42B4-98C7-C84468FB3177}.Debug|Any CPU.ActiveCfg = Debug|Any CPU
		{4EE488FF-0FCC-42B4-98C7-C84468FB3177}.Debug|Any CPU.Build.0 = Debug|Any CPU
		{4EE488FF-0FCC-42B4-98C7-C84468FB3177}.Release|Any CPU.ActiveCfg = Release|Any CPU
		{4EE488FF-0FCC-42B4-98C7-C84468FB3177}.Release|Any CPU.Build.0 = Release|Any CPU
	EndGlobalSection
	GlobalSection(SolutionProperties) = preSolution
		HideSolutionNode = FALSE
	EndGlobalSection
	GlobalSection(ExtensibilityGlobals) = postSolution
		SolutionGuid = {645D78B4-CF06-4F49-8592-D62655C317D8}
	EndGlobalSection
EndGlobal
