
Microsoft Visual Studio Solution File, Format Version 12.00
# Visual Studio Version 16
VisualStudioVersion = 16.0.32510.428
MinimumVisualStudioVersion = 10.0.40219.1
Project("{FAE04EC0-301F-11D3-BF4B-00C04F79EFBC}") = "Exercicios Vetores", "Exercicios Vetores\Exercicios Vetores.csproj", "{0EEC6791-0129-4585-A492-60752233D56A}"
EndProject
Global
	GlobalSection(SolutionConfigurationPlatforms) = preSolution
		Debug|Any CPU = Debug|Any CPU
		Release|Any CPU = Release|Any CPU
	EndGlobalSection
	GlobalSection(ProjectConfigurationPlatforms) = postSolution
		{0EEC6791-0129-4585-A492-60752233D56A}.Debug|Any CPU.ActiveCfg = Debug|Any CPU
		{0EEC6791-0129-4585-A492-60752233D56A}.Debug|Any CPU.Build.0 = Debug|Any CPU
		{0EEC6791-0129-4585-A492-60752233D56A}.Release|Any CPU.ActiveCfg = Release|Any CPU
		{0EEC6791-0129-4585-A492-60752233D56A}.Release|Any CPU.Build.0 = Release|Any CPU
	EndGlobalSection
	GlobalSection(SolutionProperties) = preSolution
		HideSolutionNode = FALSE
	EndGlobalSection
	GlobalSection(ExtensibilityGlobals) = postSolution
		SolutionGuid = {226DB54D-D4B8-4CED-B749-70BB58F81D88}
	EndGlobalSection
EndGlobal
