
Microsoft Visual Studio Solution File, Format Version 12.00
# Visual Studio Version 16
VisualStudioVersion = 16.0.32510.428
MinimumVisualStudioVersion = 10.0.40219.1
Project("{FAE04EC0-301F-11D3-BF4B-00C04F79EFBC}") = "Vetores Exemplo 2", "Vetores Exemplo 2\Vetores Exemplo 2.csproj", "{337775BD-BB34-475D-B6F5-EA75A3DC6BD0}"
EndProject
Global
	GlobalSection(SolutionConfigurationPlatforms) = preSolution
		Debug|Any CPU = Debug|Any CPU
		Release|Any CPU = Release|Any CPU
	EndGlobalSection
	GlobalSection(ProjectConfigurationPlatforms) = postSolution
		{337775BD-BB34-475D-B6F5-EA75A3DC6BD0}.Debug|Any CPU.ActiveCfg = Debug|Any CPU
		{337775BD-BB34-475D-B6F5-EA75A3DC6BD0}.Debug|Any CPU.Build.0 = Debug|Any CPU
		{337775BD-BB34-475D-B6F5-EA75A3DC6BD0}.Release|Any CPU.ActiveCfg = Release|Any CPU
		{337775BD-BB34-475D-B6F5-EA75A3DC6BD0}.Release|Any CPU.Build.0 = Release|Any CPU
	EndGlobalSection
	GlobalSection(SolutionProperties) = preSolution
		HideSolutionNode = FALSE
	EndGlobalSection
	GlobalSection(ExtensibilityGlobals) = postSolution
		SolutionGuid = {B4F2275B-C9F5-43A2-AD57-09DD06B9E115}
	EndGlobalSection
EndGlobal
