
Microsoft Visual Studio Solution File, Format Version 12.00
# Visual Studio Version 16
VisualStudioVersion = 16.0.32510.428
MinimumVisualStudioVersion = 10.0.40219.1
Project("{FAE04EC0-301F-11D3-BF4B-00C04F79EFBC}") = "Exercicios WHILE", "Exercicios WHILE\Exercicios WHILE.csproj", "{EF1E5393-B263-486D-92DD-2B0FDF0A9FAB}"
EndProject
Global
	GlobalSection(SolutionConfigurationPlatforms) = preSolution
		Debug|Any CPU = Debug|Any CPU
		Release|Any CPU = Release|Any CPU
	EndGlobalSection
	GlobalSection(ProjectConfigurationPlatforms) = postSolution
		{EF1E5393-B263-486D-92DD-2B0FDF0A9FAB}.Debug|Any CPU.ActiveCfg = Debug|Any CPU
		{EF1E5393-B263-486D-92DD-2B0FDF0A9FAB}.Debug|Any CPU.Build.0 = Debug|Any CPU
		{EF1E5393-B263-486D-92DD-2B0FDF0A9FAB}.Release|Any CPU.ActiveCfg = Release|Any CPU
		{EF1E5393-B263-486D-92DD-2B0FDF0A9FAB}.Release|Any CPU.Build.0 = Release|Any CPU
	EndGlobalSection
	GlobalSection(SolutionProperties) = preSolution
		HideSolutionNode = FALSE
	EndGlobalSection
	GlobalSection(ExtensibilityGlobals) = postSolution
		SolutionGuid = {E8B08175-C5C6-4774-B906-A23635FAE67F}
	EndGlobalSection
EndGlobal
