
Microsoft Visual Studio Solution File, Format Version 12.00
# Visual Studio Version 16
VisualStudioVersion = 16.0.32510.428
MinimumVisualStudioVersion = 10.0.40219.1
Project("{FAE04EC0-301F-11D3-BF4B-00C04F79EFBC}") = "Exercicio while 2", "Exercicio while 2\Exercicio while 2.csproj", "{6B5AF8E3-0C9D-4E98-A27B-983BE9D7CDEF}"
EndProject
Global
	GlobalSection(SolutionConfigurationPlatforms) = preSolution
		Debug|Any CPU = Debug|Any CPU
		Release|Any CPU = Release|Any CPU
	EndGlobalSection
	GlobalSection(ProjectConfigurationPlatforms) = postSolution
		{6B5AF8E3-0C9D-4E98-A27B-983BE9D7CDEF}.Debug|Any CPU.ActiveCfg = Debug|Any CPU
		{6B5AF8E3-0C9D-4E98-A27B-983BE9D7CDEF}.Debug|Any CPU.Build.0 = Debug|Any CPU
		{6B5AF8E3-0C9D-4E98-A27B-983BE9D7CDEF}.Release|Any CPU.ActiveCfg = Release|Any CPU
		{6B5AF8E3-0C9D-4E98-A27B-983BE9D7CDEF}.Release|Any CPU.Build.0 = Release|Any CPU
	EndGlobalSection
	GlobalSection(SolutionProperties) = preSolution
		HideSolutionNode = FALSE
	EndGlobalSection
	GlobalSection(ExtensibilityGlobals) = postSolution
		SolutionGuid = {E6861C8B-68BB-4FC5-A9EC-0782B26396D6}
	EndGlobalSection
EndGlobal
